
Microsoft Visual Studio Solution File, Format Version 12.00
# Visual Studio 2013
VisualStudioVersion = 12.0.31101.0
MinimumVisualStudioVersion = 10.0.40219.1
Project("{FAE04EC0-301F-11D3-BF4B-00C04F79EFBC}") = "Website", "Website\Website.csproj", "{F30DD572-9270-4A78-86C8-377C24B2478C}"
EndProject
Project("{FAE04EC0-301F-11D3-BF4B-00C04F79EFBC}") = "Dal", "Dal\Dal.csproj", "{102A5B2F-B8EC-4DE9-B20C-A89FDC1EBD4D}"
EndProject
Project("{FAE04EC0-301F-11D3-BF4B-00C04F79EFBC}") = "Core", "Core\Core.csproj", "{F933A2E5-BE9D-4E9D-857E-A6FB29B70F4A}"
EndProject
Project("{E24C65DC-7377-472B-9ABA-BC803B73C61A}") = "app", "http://localhost:54566", "{00CB50DD-639F-4A5A-B775-54AA5E3F1C00}"
	ProjectSection(WebsiteProperties) = preProject
		UseIISExpress = "true"
		TargetFrameworkMoniker = ".NETFramework,Version%3Dv4.0"
		Debug.AspNetCompiler.VirtualPath = "/localhost_54566"
		Debug.AspNetCompiler.PhysicalPath = "..\app\"
		Debug.AspNetCompiler.TargetPath = "PrecompiledWeb\localhost_54566\"
		Debug.AspNetCompiler.Updateable = "true"
		Debug.AspNetCompiler.ForceOverwrite = "true"
		Debug.AspNetCompiler.FixedNames = "false"
		Debug.AspNetCompiler.Debug = "True"
		Release.AspNetCompiler.VirtualPath = "/localhost_54566"
		Release.AspNetCompiler.PhysicalPath = "..\app\"
		Release.AspNetCompiler.TargetPath = "PrecompiledWeb\localhost_54566\"
		Release.AspNetCompiler.Updateable = "true"
		Release.AspNetCompiler.ForceOverwrite = "true"
		Release.AspNetCompiler.FixedNames = "false"
		Release.AspNetCompiler.Debug = "False"
		SlnRelativePath = "..\app\"
	EndProjectSection
EndProject
Global
	GlobalSection(SolutionConfigurationPlatforms) = preSolution
		Debug|Any CPU = Debug|Any CPU
		Release|Any CPU = Release|Any CPU
	EndGlobalSection
	GlobalSection(ProjectConfigurationPlatforms) = postSolution
		{F30DD572-9270-4A78-86C8-377C24B2478C}.Debug|Any CPU.ActiveCfg = Debug|Any CPU
		{F30DD572-9270-4A78-86C8-377C24B2478C}.Debug|Any CPU.Build.0 = Debug|Any CPU
		{F30DD572-9270-4A78-86C8-377C24B2478C}.Release|Any CPU.ActiveCfg = Release|Any CPU
		{F30DD572-9270-4A78-86C8-377C24B2478C}.Release|Any CPU.Build.0 = Release|Any CPU
		{102A5B2F-B8EC-4DE9-B20C-A89FDC1EBD4D}.Debug|Any CPU.ActiveCfg = Debug|Any CPU
		{102A5B2F-B8EC-4DE9-B20C-A89FDC1EBD4D}.Debug|Any CPU.Build.0 = Debug|Any CPU
		{102A5B2F-B8EC-4DE9-B20C-A89FDC1EBD4D}.Release|Any CPU.ActiveCfg = Release|Any CPU
		{102A5B2F-B8EC-4DE9-B20C-A89FDC1EBD4D}.Release|Any CPU.Build.0 = Release|Any CPU
		{F933A2E5-BE9D-4E9D-857E-A6FB29B70F4A}.Debug|Any CPU.ActiveCfg = Debug|Any CPU
		{F933A2E5-BE9D-4E9D-857E-A6FB29B70F4A}.Debug|Any CPU.Build.0 = Debug|Any CPU
		{F933A2E5-BE9D-4E9D-857E-A6FB29B70F4A}.Release|Any CPU.ActiveCfg = Release|Any CPU
		{F933A2E5-BE9D-4E9D-857E-A6FB29B70F4A}.Release|Any CPU.Build.0 = Release|Any CPU
		{00CB50DD-639F-4A5A-B775-54AA5E3F1C00}.Debug|Any CPU.ActiveCfg = Debug|Any CPU
		{00CB50DD-639F-4A5A-B775-54AA5E3F1C00}.Debug|Any CPU.Build.0 = Debug|Any CPU
		{00CB50DD-639F-4A5A-B775-54AA5E3F1C00}.Release|Any CPU.ActiveCfg = Debug|Any CPU
		{00CB50DD-639F-4A5A-B775-54AA5E3F1C00}.Release|Any CPU.Build.0 = Debug|Any CPU
	EndGlobalSection
	GlobalSection(SolutionProperties) = preSolution
		HideSolutionNode = FALSE
	EndGlobalSection
EndGlobal
