
Microsoft Visual Studio Solution File, Format Version 12.00
# Visual Studio 2013
VisualStudioVersion = 12.0.31101.0
MinimumVisualStudioVersion = 10.0.40219.1
Project("{FAE04EC0-301F-11D3-BF4B-00C04F79EFBC}") = "Website", "Website\Website.csproj", "{F30DD572-9270-4A78-86C8-377C24B2478C}"
EndProject
Project("{FAE04EC0-301F-11D3-BF4B-00C04F79EFBC}") = "Dal", "Dal\Dal.csproj", "{102A5B2F-B8EC-4DE9-B20C-A89FDC1EBD4D}"
EndProject
Project("{FAE04EC0-301F-11D3-BF4B-00C04F79EFBC}") = "Core", "Core\Core.csproj", "{F933A2E5-BE9D-4E9D-857E-A6FB29B70F4A}"
EndProject
Global
	GlobalSection(SolutionConfigurationPlatforms) = preSolution
		Debug|Any CPU = Debug|Any CPU
		Release|Any CPU = Release|Any CPU
	EndGlobalSection
	GlobalSection(ProjectConfigurationPlatforms) = postSolution
		{F30DD572-9270-4A78-86C8-377C24B2478C}.Debug|Any CPU.ActiveCfg = Debug|Any CPU
		{F30DD572-9270-4A78-86C8-377C24B2478C}.Debug|Any CPU.Build.0 = Debug|Any CPU
		{F30DD572-9270-4A78-86C8-377C24B2478C}.Release|Any CPU.ActiveCfg = Release|Any CPU
		{F30DD572-9270-4A78-86C8-377C24B2478C}.Release|Any CPU.Build.0 = Release|Any CPU
		{102A5B2F-B8EC-4DE9-B20C-A89FDC1EBD4D}.Debug|Any CPU.ActiveCfg = Debug|Any CPU
		{102A5B2F-B8EC-4DE9-B20C-A89FDC1EBD4D}.Debug|Any CPU.Build.0 = Debug|Any CPU
		{102A5B2F-B8EC-4DE9-B20C-A89FDC1EBD4D}.Release|Any CPU.ActiveCfg = Release|Any CPU
		{102A5B2F-B8EC-4DE9-B20C-A89FDC1EBD4D}.Release|Any CPU.Build.0 = Release|Any CPU
		{F933A2E5-BE9D-4E9D-857E-A6FB29B70F4A}.Debug|Any CPU.ActiveCfg = Debug|Any CPU
		{F933A2E5-BE9D-4E9D-857E-A6FB29B70F4A}.Debug|Any CPU.Build.0 = Debug|Any CPU
		{F933A2E5-BE9D-4E9D-857E-A6FB29B70F4A}.Release|Any CPU.ActiveCfg = Release|Any CPU
		{F933A2E5-BE9D-4E9D-857E-A6FB29B70F4A}.Release|Any CPU.Build.0 = Release|Any CPU
	EndGlobalSection
	GlobalSection(SolutionProperties) = preSolution
		HideSolutionNode = FALSE
	EndGlobalSection
EndGlobal
